
Microsoft Visual Studio Solution File, Format Version 12.00
# Visual Studio Version 17
VisualStudioVersion = 17.10.35004.147
MinimumVisualStudioVersion = 10.0.40219.1
Project("{9A19103F-16F7-4668-BE54-9A1E7A4F7556}") = "Virus_Simulator_Interface", "Virus_Simulator_Interface.csproj", "{7D4FC968-C9CF-4960-AA3A-41DB0EEEC108}"
EndProject
Global
	GlobalSection(SolutionConfigurationPlatforms) = preSolution
		Debug|Any CPU = Debug|Any CPU
		Release|Any CPU = Release|Any CPU
	EndGlobalSection
	GlobalSection(ProjectConfigurationPlatforms) = postSolution
		{7D4FC968-C9CF-4960-AA3A-41DB0EEEC108}.Debug|Any CPU.ActiveCfg = Debug|Any CPU
		{7D4FC968-C9CF-4960-AA3A-41DB0EEEC108}.Debug|Any CPU.Build.0 = Debug|Any CPU
		{7D4FC968-C9CF-4960-AA3A-41DB0EEEC108}.Release|Any CPU.ActiveCfg = Release|Any CPU
		{7D4FC968-C9CF-4960-AA3A-41DB0EEEC108}.Release|Any CPU.Build.0 = Release|Any CPU
	EndGlobalSection
	GlobalSection(SolutionProperties) = preSolution
		HideSolutionNode = FALSE
	EndGlobalSection
	GlobalSection(ExtensibilityGlobals) = postSolution
		SolutionGuid = {1CCCF4C6-CF74-47C3-91B1-3F66267D84A1}
	EndGlobalSection
EndGlobal
